# This file was autogenerated by Stack.
# You should not edit this file by hand.
# For more information, please see the documentation at:
#   https://docs.haskellstack.org/en/stable/lock_files

packages:
- completed:
    pantry-tree:
      sha256: 35738614f24ff682eb0b72b8fd66c9b4a919346302ddb96c96bf5b1a9eaa70f5
      size: 2014
    hackage: curlhs-0.1.6@sha256:ac8dbe0348ce66746774f019fe62dbdaf40a200bed62f5b7fb0ecb9bd11cfa1c,4107
  original:
    hackage: curlhs-0.1.6
- completed:
    pantry-tree:
      sha256: 1697c8d8dbd78b4ae28bb492f8ac5d09d0892128b30f35d94436f8e32544c0ab
      size: 305
    hackage: rtld-0.0.2@sha256:ebf8a2ae1cd04e829f5b86b5638ed66139a76cbbe75ae43394d37cb9bd8f5037,1653
  original:
    hackage: rtld-0.0.2
snapshots:
- completed:
    sha256: a10f9e3f425aa803549f72b29adb0825ac68262b16140e855f5683b91c2bedfe
    size: 630640
    url: https://raw.githubusercontent.com/commercialhaskell/stackage-snapshots/master/nightly/2022/8/19.yaml
  original: nightly-2022-08-19
